
Microsoft Visual Studio Solution File, Format Version 12.00
# Visual Studio Version 16
VisualStudioVersion = 16.0.30621.155
MinimumVisualStudioVersion = 10.0.40219.1
Project("{FAE04EC0-301F-11D3-BF4B-00C04F79EFBC}") = "CifraDeCesar", "CifraDeCesar.csproj", "{95233B73-0CE4-4EDE-81E6-A1D3DA2ACB34}"
EndProject
Global
	GlobalSection(SolutionConfigurationPlatforms) = preSolution
		Debug|Any CPU = Debug|Any CPU
		Release|Any CPU = Release|Any CPU
	EndGlobalSection
	GlobalSection(ProjectConfigurationPlatforms) = postSolution
		{95233B73-0CE4-4EDE-81E6-A1D3DA2ACB34}.Debug|Any CPU.ActiveCfg = Debug|Any CPU
		{95233B73-0CE4-4EDE-81E6-A1D3DA2ACB34}.Debug|Any CPU.Build.0 = Debug|Any CPU
		{95233B73-0CE4-4EDE-81E6-A1D3DA2ACB34}.Release|Any CPU.ActiveCfg = Release|Any CPU
		{95233B73-0CE4-4EDE-81E6-A1D3DA2ACB34}.Release|Any CPU.Build.0 = Release|Any CPU
	EndGlobalSection
	GlobalSection(SolutionProperties) = preSolution
		HideSolutionNode = FALSE
	EndGlobalSection
	GlobalSection(ExtensibilityGlobals) = postSolution
		SolutionGuid = {E797DEE3-3CF4-42C5-9892-BEC7E0C04D8D}
	EndGlobalSection
EndGlobal
